
Microsoft Visual Studio Solution File, Format Version 12.00
# Visual Studio 14
VisualStudioVersion = 14.0.25420.1
MinimumVisualStudioVersion = 10.0.40219.1
Project("{8BC9CEB8-8B4A-11D0-8D11-00A0C91BC942}") = "BoardFeeder", "BoardFeeder.vcxproj", "{2D30E04D-B5BA-431C-8511-3C011AB8E877}"
EndProject
Project("{FAE04EC0-301F-11D3-BF4B-00C04F79EFBC}") = "GUI", "..\GUI\GUI.csproj", "{159EE40C-C489-4A80-A4CF-7AA9E538124C}"
EndProject
Global
	GlobalSection(SolutionConfigurationPlatforms) = preSolution
		Debug|Any CPU = Debug|Any CPU
		Debug|x64 = Debug|x64
		Debug|x86 = Debug|x86
		Release|Any CPU = Release|Any CPU
		Release|x64 = Release|x64
		Release|x86 = Release|x86
	EndGlobalSection
	GlobalSection(ProjectConfigurationPlatforms) = postSolution
		{2D30E04D-B5BA-431C-8511-3C011AB8E877}.Debug|Any CPU.ActiveCfg = Debug|Win32
		{2D30E04D-B5BA-431C-8511-3C011AB8E877}.Debug|x64.ActiveCfg = Debug|x64
		{2D30E04D-B5BA-431C-8511-3C011AB8E877}.Debug|x64.Build.0 = Debug|x64
		{2D30E04D-B5BA-431C-8511-3C011AB8E877}.Debug|x86.ActiveCfg = Debug|Win32
		{2D30E04D-B5BA-431C-8511-3C011AB8E877}.Debug|x86.Build.0 = Debug|Win32
		{2D30E04D-B5BA-431C-8511-3C011AB8E877}.Release|Any CPU.ActiveCfg = Release|Win32
		{2D30E04D-B5BA-431C-8511-3C011AB8E877}.Release|x64.ActiveCfg = Release|x64
		{2D30E04D-B5BA-431C-8511-3C011AB8E877}.Release|x64.Build.0 = Release|x64
		{2D30E04D-B5BA-431C-8511-3C011AB8E877}.Release|x86.ActiveCfg = Release|Win32
		{2D30E04D-B5BA-431C-8511-3C011AB8E877}.Release|x86.Build.0 = Release|Win32
		{159EE40C-C489-4A80-A4CF-7AA9E538124C}.Debug|Any CPU.ActiveCfg = Debug|Any CPU
		{159EE40C-C489-4A80-A4CF-7AA9E538124C}.Debug|Any CPU.Build.0 = Debug|Any CPU
		{159EE40C-C489-4A80-A4CF-7AA9E538124C}.Debug|x64.ActiveCfg = Debug|Any CPU
		{159EE40C-C489-4A80-A4CF-7AA9E538124C}.Debug|x64.Build.0 = Debug|Any CPU
		{159EE40C-C489-4A80-A4CF-7AA9E538124C}.Debug|x86.ActiveCfg = Debug|Any CPU
		{159EE40C-C489-4A80-A4CF-7AA9E538124C}.Debug|x86.Build.0 = Debug|Any CPU
		{159EE40C-C489-4A80-A4CF-7AA9E538124C}.Release|Any CPU.ActiveCfg = Release|Any CPU
		{159EE40C-C489-4A80-A4CF-7AA9E538124C}.Release|Any CPU.Build.0 = Release|Any CPU
		{159EE40C-C489-4A80-A4CF-7AA9E538124C}.Release|x64.ActiveCfg = Release|Any CPU
		{159EE40C-C489-4A80-A4CF-7AA9E538124C}.Release|x64.Build.0 = Release|Any CPU
		{159EE40C-C489-4A80-A4CF-7AA9E538124C}.Release|x86.ActiveCfg = Release|Any CPU
		{159EE40C-C489-4A80-A4CF-7AA9E538124C}.Release|x86.Build.0 = Release|Any CPU
	EndGlobalSection
	GlobalSection(SolutionProperties) = preSolution
		HideSolutionNode = FALSE
	EndGlobalSection
EndGlobal
